
Microsoft Visual Studio Solution File, Format Version 12.00
# Visual Studio Version 17
VisualStudioVersion = 17.8.34525.116
MinimumVisualStudioVersion = 10.0.40219.1
Project("{FAE04EC0-301F-11D3-BF4B-00C04F79EFBC}") = "PolnyaBaza", "PolnyaBaza\PolnyaBaza.csproj", "{B9DA1D4A-057F-4DB3-8A87-468E9CD64937}"
EndProject
Project("{FAE04EC0-301F-11D3-BF4B-00C04F79EFBC}") = "PolnayBaza", "PolnayBaza\PolnayBaza.csproj", "{827388F5-0A4B-4409-91D2-41D394D9D425}"
EndProject
Project("{FAE04EC0-301F-11D3-BF4B-00C04F79EFBC}") = "BazaPolnay", "BazaPolnay\BazaPolnay.csproj", "{3BA021BE-E08E-4DB4-A8BF-30D6EF098C8C}"
EndProject
Project("{FAE04EC0-301F-11D3-BF4B-00C04F79EFBC}") = "DZ_Kakoeto", "DZ_Kakoeto\DZ_Kakoeto.csproj", "{CA9FD7F0-CB00-4128-855D-50555E06A937}"
EndProject
Project("{FAE04EC0-301F-11D3-BF4B-00C04F79EFBC}") = "Dz_Kakoeto2", "Dz_Kakoeto2\Dz_Kakoeto2.csproj", "{54B12478-4642-406A-A95D-384C6D3CC3CE}"
EndProject
Project("{FAE04EC0-301F-11D3-BF4B-00C04F79EFBC}") = "Dz_Kakoeto1_5", "Dz_Kakoeto1_5\Dz_Kakoeto1_5.csproj", "{B3D399EB-460B-4474-AF2D-2942E1B2CAFC}"
EndProject
Project("{9A19103F-16F7-4668-BE54-9A1E7A4F7556}") = "TestBaza", "TestBaza\TestBaza.csproj", "{0B293245-09AF-4FB6-8B6C-AF065D25786F}"
EndProject
Project("{FAE04EC0-301F-11D3-BF4B-00C04F79EFBC}") = "DZB", "DZB\DZB.csproj", "{3E0E5721-9FF0-466A-A3E9-5CD55A2AA30E}"
EndProject
Global
	GlobalSection(SolutionConfigurationPlatforms) = preSolution
		Debug|Any CPU = Debug|Any CPU
		Release|Any CPU = Release|Any CPU
	EndGlobalSection
	GlobalSection(ProjectConfigurationPlatforms) = postSolution
		{B9DA1D4A-057F-4DB3-8A87-468E9CD64937}.Debug|Any CPU.ActiveCfg = Debug|Any CPU
		{B9DA1D4A-057F-4DB3-8A87-468E9CD64937}.Debug|Any CPU.Build.0 = Debug|Any CPU
		{B9DA1D4A-057F-4DB3-8A87-468E9CD64937}.Release|Any CPU.ActiveCfg = Release|Any CPU
		{B9DA1D4A-057F-4DB3-8A87-468E9CD64937}.Release|Any CPU.Build.0 = Release|Any CPU
		{827388F5-0A4B-4409-91D2-41D394D9D425}.Debug|Any CPU.ActiveCfg = Debug|Any CPU
		{827388F5-0A4B-4409-91D2-41D394D9D425}.Debug|Any CPU.Build.0 = Debug|Any CPU
		{827388F5-0A4B-4409-91D2-41D394D9D425}.Release|Any CPU.ActiveCfg = Release|Any CPU
		{827388F5-0A4B-4409-91D2-41D394D9D425}.Release|Any CPU.Build.0 = Release|Any CPU
		{3BA021BE-E08E-4DB4-A8BF-30D6EF098C8C}.Debug|Any CPU.ActiveCfg = Debug|Any CPU
		{3BA021BE-E08E-4DB4-A8BF-30D6EF098C8C}.Debug|Any CPU.Build.0 = Debug|Any CPU
		{3BA021BE-E08E-4DB4-A8BF-30D6EF098C8C}.Release|Any CPU.ActiveCfg = Release|Any CPU
		{3BA021BE-E08E-4DB4-A8BF-30D6EF098C8C}.Release|Any CPU.Build.0 = Release|Any CPU
		{CA9FD7F0-CB00-4128-855D-50555E06A937}.Debug|Any CPU.ActiveCfg = Debug|Any CPU
		{CA9FD7F0-CB00-4128-855D-50555E06A937}.Debug|Any CPU.Build.0 = Debug|Any CPU
		{CA9FD7F0-CB00-4128-855D-50555E06A937}.Release|Any CPU.ActiveCfg = Release|Any CPU
		{CA9FD7F0-CB00-4128-855D-50555E06A937}.Release|Any CPU.Build.0 = Release|Any CPU
		{54B12478-4642-406A-A95D-384C6D3CC3CE}.Debug|Any CPU.ActiveCfg = Debug|Any CPU
		{54B12478-4642-406A-A95D-384C6D3CC3CE}.Debug|Any CPU.Build.0 = Debug|Any CPU
		{54B12478-4642-406A-A95D-384C6D3CC3CE}.Release|Any CPU.ActiveCfg = Release|Any CPU
		{54B12478-4642-406A-A95D-384C6D3CC3CE}.Release|Any CPU.Build.0 = Release|Any CPU
		{B3D399EB-460B-4474-AF2D-2942E1B2CAFC}.Debug|Any CPU.ActiveCfg = Debug|Any CPU
		{B3D399EB-460B-4474-AF2D-2942E1B2CAFC}.Debug|Any CPU.Build.0 = Debug|Any CPU
		{B3D399EB-460B-4474-AF2D-2942E1B2CAFC}.Release|Any CPU.ActiveCfg = Release|Any CPU
		{B3D399EB-460B-4474-AF2D-2942E1B2CAFC}.Release|Any CPU.Build.0 = Release|Any CPU
		{0B293245-09AF-4FB6-8B6C-AF065D25786F}.Debug|Any CPU.ActiveCfg = Debug|Any CPU
		{0B293245-09AF-4FB6-8B6C-AF065D25786F}.Debug|Any CPU.Build.0 = Debug|Any CPU
		{0B293245-09AF-4FB6-8B6C-AF065D25786F}.Release|Any CPU.ActiveCfg = Release|Any CPU
		{0B293245-09AF-4FB6-8B6C-AF065D25786F}.Release|Any CPU.Build.0 = Release|Any CPU
		{3E0E5721-9FF0-466A-A3E9-5CD55A2AA30E}.Debug|Any CPU.ActiveCfg = Debug|Any CPU
		{3E0E5721-9FF0-466A-A3E9-5CD55A2AA30E}.Debug|Any CPU.Build.0 = Debug|Any CPU
		{3E0E5721-9FF0-466A-A3E9-5CD55A2AA30E}.Release|Any CPU.ActiveCfg = Release|Any CPU
		{3E0E5721-9FF0-466A-A3E9-5CD55A2AA30E}.Release|Any CPU.Build.0 = Release|Any CPU
	EndGlobalSection
	GlobalSection(SolutionProperties) = preSolution
		HideSolutionNode = FALSE
	EndGlobalSection
	GlobalSection(ExtensibilityGlobals) = postSolution
		SolutionGuid = {CB5910E9-E315-40C5-B087-DF2E61A1232E}
	EndGlobalSection
EndGlobal
